
Microsoft Visual Studio Solution File, Format Version 12.00
# Visual Studio 15
VisualStudioVersion = 15.0.27703.2035
MinimumVisualStudioVersion = 10.0.40219.1
Project("{FAE04EC0-301F-11D3-BF4B-00C04F79EFBC}") = "SeleniumTeamcity", "SeleniumTeamcity\SeleniumTeamcity.csproj", "{485505EA-4214-4642-AA25-BB48114BE701}"
EndProject
Project("{FAE04EC0-301F-11D3-BF4B-00C04F79EFBC}") = "SelfService", "SelfService\SelfService.csproj", "{186085D0-B21E-4EC6-8D5F-BE38F5CE315B}"
EndProject
Global
	GlobalSection(SolutionConfigurationPlatforms) = preSolution
		Debug|Any CPU = Debug|Any CPU
		Release|Any CPU = Release|Any CPU
	EndGlobalSection
	GlobalSection(ProjectConfigurationPlatforms) = postSolution
		{485505EA-4214-4642-AA25-BB48114BE701}.Debug|Any CPU.ActiveCfg = Debug|Any CPU
		{485505EA-4214-4642-AA25-BB48114BE701}.Debug|Any CPU.Build.0 = Debug|Any CPU
		{485505EA-4214-4642-AA25-BB48114BE701}.Release|Any CPU.ActiveCfg = Release|Any CPU
		{485505EA-4214-4642-AA25-BB48114BE701}.Release|Any CPU.Build.0 = Release|Any CPU
		{186085D0-B21E-4EC6-8D5F-BE38F5CE315B}.Debug|Any CPU.ActiveCfg = Debug|Any CPU
		{186085D0-B21E-4EC6-8D5F-BE38F5CE315B}.Debug|Any CPU.Build.0 = Debug|Any CPU
		{186085D0-B21E-4EC6-8D5F-BE38F5CE315B}.Release|Any CPU.ActiveCfg = Release|Any CPU
		{186085D0-B21E-4EC6-8D5F-BE38F5CE315B}.Release|Any CPU.Build.0 = Release|Any CPU
	EndGlobalSection
	GlobalSection(SolutionProperties) = preSolution
		HideSolutionNode = FALSE
	EndGlobalSection
	GlobalSection(ExtensibilityGlobals) = postSolution
		SolutionGuid = {3C4CC44A-8061-4504-994F-0BF76D570E8D}
	EndGlobalSection
EndGlobal
